
Microsoft Visual Studio Solution File, Format Version 12.00
# Visual Studio 14
VisualStudioVersion = 14.0.25420.1
MinimumVisualStudioVersion = 10.0.40219.1
Project("{FAE04EC0-301F-11D3-BF4B-00C04F79EFBC}") = "guessNumber", "guessNumber\guessNumber.csproj", "{197C7EE1-FD24-4529-8E35-E75B22A3AC68}"
EndProject
Global
	GlobalSection(SolutionConfigurationPlatforms) = preSolution
		Debug|Any CPU = Debug|Any CPU
		Release|Any CPU = Release|Any CPU
	EndGlobalSection
	GlobalSection(ProjectConfigurationPlatforms) = postSolution
		{197C7EE1-FD24-4529-8E35-E75B22A3AC68}.Debug|Any CPU.ActiveCfg = Debug|Any CPU
		{197C7EE1-FD24-4529-8E35-E75B22A3AC68}.Debug|Any CPU.Build.0 = Debug|Any CPU
		{197C7EE1-FD24-4529-8E35-E75B22A3AC68}.Release|Any CPU.ActiveCfg = Release|Any CPU
		{197C7EE1-FD24-4529-8E35-E75B22A3AC68}.Release|Any CPU.Build.0 = Release|Any CPU
	EndGlobalSection
	GlobalSection(SolutionProperties) = preSolution
		HideSolutionNode = FALSE
	EndGlobalSection
EndGlobal
